<?xml version="1.0" encoding="utf-8"?>
<Project ToolsVersion="4.0" xmlns="http://schemas.microsoft.com/developer/msbuild/2003">
  <ItemGroup>
    <Filter Include="win32">
      <UniqueIdentifier>{84a8ebd7-7cf0-47f6-b75e-d441df67da40}</UniqueIdentifier>
    </Filter>
    <Filter Include="resource">
      <UniqueIdentifier>{715254bc-d70b-4ec5-bf29-467dd3ace079}</UniqueIdentifier>
    </Filter>
    <Filter Include="src">
      <UniqueIdentifier>{bb6c862e-70e9-49d9-81b7-3829a6f50471}</UniqueIdentifier>
    </Filter>
    <Filter Include="src\modules">
      <UniqueIdentifier>{01cde80c-9881-4bba-a862-13102d4af8b6}</UniqueIdentifier>
    </Filter>
    <Filter Include="src\libraries">
      <UniqueIdentifier>{e04f3f1b-a35c-4af8-91c0-600ac067536d}</UniqueIdentifier>
    </Filter>
  </ItemGroup>
  <ItemGroup>
    <ClCompile Include="main.cpp">
      <Filter>win32</Filter>
    </ClCompile>
    <ClCompile Include="..\Classes\AppDelegate.cpp">
      <Filter>src</Filter>
    </ClCompile>
    <ClCompile Include="..\Classes\CSP.cpp">
      <Filter>src</Filter>
    </ClCompile>
    <ClCompile Include="..\Classes\modules\dynamic_array.cpp">
      <Filter>src\modules</Filter>
    </ClCompile>
    <ClCompile Include="..\Classes\modules\random.cpp">
      <Filter>src\modules</Filter>
    </ClCompile>
    <ClCompile Include="..\Classes\ui.cpp">
      <Filter>src</Filter>
    </ClCompile>
    <ClCompile Include="..\Classes\input.cpp">
      <Filter>src</Filter>
    </ClCompile>
    <ClCompile Include="..\Classes\shared.cpp">
      <Filter>src</Filter>
    </ClCompile>
  </ItemGroup>
  <ItemGroup>
    <ClInclude Include="main.h">
      <Filter>win32</Filter>
    </ClInclude>
    <ClInclude Include="..\Classes\AppDelegate.h">
      <Filter>src</Filter>
    </ClInclude>
    <ClInclude Include="resource.h">
      <Filter>win32</Filter>
    </ClInclude>
    <ClInclude Include="..\Classes\libraries\stb_image.h">
      <Filter>src\libraries</Filter>
    </ClInclude>
  </ItemGroup>
  <ItemGroup>
    <ResourceCompile Include="game.rc">
      <Filter>resource</Filter>
    </ResourceCompile>
  </ItemGroup>
  <ItemGroup>
    <None Include="build-cfg.json">
      <Filter>win32</Filter>
    </None>
    <None Include="game.aps">
      <Filter>win32</Filter>
    </None>
  </ItemGroup>
</Project>